{
  "name": "@fateforge/auto-bug-fix",
  "version": "1.0.16",
  "lockfileVersion": 3,
  "requires": true,
  "packages": {
    "": {
      "name": "@fateforge/auto-bug-fix",
      "version": "1.0.16",
      "cpu": [
        "x64",
        "arm64"
      ],
      "license": "MIT",
      "os": [
        "darwin",
        "linux",
        "win32"
      ],
      "bin": {
        "auto-bug-fix": "scripts/run.js"
      },
      "engines": {
        "node": ">=16"
      },
      "optionalDependencies": {
        "@fateforge/auto-bug-fix-darwin-arm64": "1.0.16",
        "@fateforge/auto-bug-fix-darwin-x64": "1.0.16",
        "@fateforge/auto-bug-fix-linux-arm64": "1.0.16",
        "@fateforge/auto-bug-fix-linux-x64": "1.0.16",
        "@fateforge/auto-bug-fix-win32-arm64": "1.0.16",
        "@fateforge/auto-bug-fix-win32-x64": "1.0.16"
      }
    },
    "node_modules/@fateforge/auto-bug-fix-darwin-arm64": {
      "version": "1.0.16",
      "cpu": [
        "arm64"
      ],
      "license": "MIT",
      "optional": true,
      "os": [
        "darwin"
      ],
      "engines": {
        "node": ">=16"
      }
    },
    "node_modules/@fateforge/auto-bug-fix-darwin-x64": {
      "version": "1.0.16",
      "cpu": [
        "x64"
      ],
      "license": "MIT",
      "optional": true,
      "os": [
        "darwin"
      ],
      "engines": {
        "node": ">=16"
      }
    },
    "node_modules/@fateforge/auto-bug-fix-linux-arm64": {
      "version": "1.0.16",
      "cpu": [
        "arm64"
      ],
      "license": "MIT",
      "optional": true,
      "os": [
        "linux"
      ],
      "engines": {
        "node": ">=16"
      }
    },
    "node_modules/@fateforge/auto-bug-fix-linux-x64": {
      "version": "1.0.16",
      "cpu": [
        "x64"
      ],
      "license": "MIT",
      "optional": true,
      "os": [
        "linux"
      ],
      "engines": {
        "node": ">=16"
      }
    },
    "node_modules/@fateforge/auto-bug-fix-win32-arm64": {
      "version": "1.0.16",
      "cpu": [
        "arm64"
      ],
      "license": "MIT",
      "optional": true,
      "os": [
        "win32"
      ],
      "engines": {
        "node": ">=16"
      }
    },
    "node_modules/@fateforge/auto-bug-fix-win32-x64": {
      "version": "1.0.16",
      "cpu": [
        "x64"
      ],
      "license": "MIT",
      "optional": true,
      "os": [
        "win32"
      ],
      "engines": {
        "node": ">=16"
      }
    }
  }
}
