{
  "name": "@fateforge/auto-bug-fix",
  "version": "1.0.9",
  "lockfileVersion": 3,
  "requires": true,
  "packages": {
    "": {
      "name": "@fateforge/auto-bug-fix",
      "version": "1.0.9",
      "license": "MIT",
      "bin": {
        "auto-bug-fix": "scripts/run.js"
      },
      "engines": {
        "node": ">=16"
      },
      "optionalDependencies": {
        "@fateforge/auto-bug-fix-darwin-arm64": "1.0.9",
        "@fateforge/auto-bug-fix-darwin-x64": "1.0.9",
        "@fateforge/auto-bug-fix-linux-arm64": "1.0.9",
        "@fateforge/auto-bug-fix-linux-x64": "1.0.9",
        "@fateforge/auto-bug-fix-win32-arm64": "1.0.9",
        "@fateforge/auto-bug-fix-win32-x64": "1.0.9"
      }
    },
    "node_modules/@fateforge/auto-bug-fix-darwin-arm64": {
      "optional": true
    },
    "node_modules/@fateforge/auto-bug-fix-darwin-x64": {
      "optional": true
    },
    "node_modules/@fateforge/auto-bug-fix-linux-arm64": {
      "optional": true
    },
    "node_modules/@fateforge/auto-bug-fix-linux-x64": {
      "optional": true
    },
    "node_modules/@fateforge/auto-bug-fix-win32-arm64": {
      "optional": true
    },
    "node_modules/@fateforge/auto-bug-fix-win32-x64": {
      "optional": true
    }
  }
}
