{
  "name": "@fateforge/auto-bug-fix",
  "version": "1.0.14",
  "lockfileVersion": 3,
  "requires": true,
  "packages": {
    "": {
      "name": "@fateforge/auto-bug-fix",
      "version": "1.0.14",
      "cpu": [
        "x64",
        "arm64"
      ],
      "license": "MIT",
      "os": [
        "darwin",
        "linux",
        "win32"
      ],
      "bin": {
        "auto-bug-fix": "scripts/run.js"
      },
      "engines": {
        "node": ">=16"
      },
      "optionalDependencies": {
        "@fateforge/auto-bug-fix-darwin-arm64": "1.0.14",
        "@fateforge/auto-bug-fix-darwin-x64": "1.0.14",
        "@fateforge/auto-bug-fix-linux-arm64": "1.0.14",
        "@fateforge/auto-bug-fix-linux-x64": "1.0.14",
        "@fateforge/auto-bug-fix-win32-arm64": "1.0.14",
        "@fateforge/auto-bug-fix-win32-x64": "1.0.14"
      }
    },
    "node_modules/@fateforge/auto-bug-fix-darwin-arm64": {
      "version": "1.0.14",
      "resolved": "https://registry.npmjs.org/@fateforge/auto-bug-fix-darwin-arm64/-/auto-bug-fix-darwin-arm64-1.0.14.tgz",
      "integrity": "sha512-YC12UW5t8J+ZDjGm6f78Vhj89mWgpejV3/s3v6QMHBhx3TkxhZCwWyDpr+iOJoTYVIuxYgD7ORQ7lwDYDzOjYg==",
      "cpu": [
        "arm64"
      ],
      "license": "MIT",
      "optional": true,
      "os": [
        "darwin"
      ],
      "engines": {
        "node": ">=16"
      }
    },
    "node_modules/@fateforge/auto-bug-fix-darwin-x64": {
      "version": "1.0.14",
      "resolved": "https://registry.npmjs.org/@fateforge/auto-bug-fix-darwin-x64/-/auto-bug-fix-darwin-x64-1.0.14.tgz",
      "integrity": "sha512-LT5XsVlRpHGWIZZ0OZ99tJErcGosS06A3UHXmCvaVtYjYA3vdG7kq/DglxS3pRW9i8q9OqzGS8kLwOG1rDHIzA==",
      "cpu": [
        "x64"
      ],
      "license": "MIT",
      "optional": true,
      "os": [
        "darwin"
      ],
      "engines": {
        "node": ">=16"
      }
    },
    "node_modules/@fateforge/auto-bug-fix-linux-arm64": {
      "version": "1.0.14",
      "resolved": "https://registry.npmjs.org/@fateforge/auto-bug-fix-linux-arm64/-/auto-bug-fix-linux-arm64-1.0.14.tgz",
      "integrity": "sha512-R0eq8ITcmC1tOg2/QLGB0o/QP4ZCzQKuOmY8Gf7YPG2evwX24Afc1ByVi9EhnPfkGHmQDTLu4N4CiW+wlP1QNg==",
      "cpu": [
        "arm64"
      ],
      "license": "MIT",
      "optional": true,
      "os": [
        "linux"
      ],
      "engines": {
        "node": ">=16"
      }
    },
    "node_modules/@fateforge/auto-bug-fix-linux-x64": {
      "version": "1.0.14",
      "resolved": "https://registry.npmjs.org/@fateforge/auto-bug-fix-linux-x64/-/auto-bug-fix-linux-x64-1.0.14.tgz",
      "integrity": "sha512-/VejkR4LTjv5NqVWrJP2a0S4RUHGmtEN9VEZrIB8gUZixcUefKM7QeiPD0mx40zDsdYd8vT1/1uN/ERc8ndrBg==",
      "cpu": [
        "x64"
      ],
      "license": "MIT",
      "optional": true,
      "os": [
        "linux"
      ],
      "engines": {
        "node": ">=16"
      }
    },
    "node_modules/@fateforge/auto-bug-fix-win32-arm64": {
      "version": "1.0.14",
      "resolved": "https://registry.npmjs.org/@fateforge/auto-bug-fix-win32-arm64/-/auto-bug-fix-win32-arm64-1.0.14.tgz",
      "integrity": "sha512-Tq6TbmAqyaGjRbc1zPDKuck5GxxYoTudJx1WDX+1pLqDI0rQZIaf2CGtPq9+vtdswXfJYz7CjObgqaXnidraXw==",
      "cpu": [
        "arm64"
      ],
      "license": "MIT",
      "optional": true,
      "os": [
        "win32"
      ],
      "engines": {
        "node": ">=16"
      }
    },
    "node_modules/@fateforge/auto-bug-fix-win32-x64": {
      "version": "1.0.14",
      "resolved": "https://registry.npmjs.org/@fateforge/auto-bug-fix-win32-x64/-/auto-bug-fix-win32-x64-1.0.14.tgz",
      "integrity": "sha512-q2ZLd4MysJyGr6gs9lwajaPeQZsxvTv59Jyyglbdkh/iNZ7EzyBaqGVlzNqlOnz5RtsCpHwGowBlQl/Fl9cukQ==",
      "cpu": [
        "x64"
      ],
      "license": "MIT",
      "optional": true,
      "os": [
        "win32"
      ],
      "engines": {
        "node": ">=16"
      }
    }
  }
}
